
Microsoft Visual Studio Solution File, Format Version 12.00
# Visual Studio Version 17
VisualStudioVersion = 17.9.34616.47
MinimumVisualStudioVersion = 10.0.40219.1
Project("{FAE04EC0-301F-11D3-BF4B-00C04F79EFBC}") = "TriangleTypeIdentifier", "TriangleTypeIdentifier\TriangleTypeIdentifier.csproj", "{092EDDC1-349A-4D9A-B9B3-23BA0413DC64}"
EndProject
Global
	GlobalSection(SolutionConfigurationPlatforms) = preSolution
		Debug|Any CPU = Debug|Any CPU
		Release|Any CPU = Release|Any CPU
	EndGlobalSection
	GlobalSection(ProjectConfigurationPlatforms) = postSolution
		{092EDDC1-349A-4D9A-B9B3-23BA0413DC64}.Debug|Any CPU.ActiveCfg = Debug|Any CPU
		{092EDDC1-349A-4D9A-B9B3-23BA0413DC64}.Debug|Any CPU.Build.0 = Debug|Any CPU
		{092EDDC1-349A-4D9A-B9B3-23BA0413DC64}.Release|Any CPU.ActiveCfg = Release|Any CPU
		{092EDDC1-349A-4D9A-B9B3-23BA0413DC64}.Release|Any CPU.Build.0 = Release|Any CPU
	EndGlobalSection
	GlobalSection(SolutionProperties) = preSolution
		HideSolutionNode = FALSE
	EndGlobalSection
	GlobalSection(ExtensibilityGlobals) = postSolution
		SolutionGuid = {40A3B7AD-FC85-4912-8AD6-AA4A737D99B8}
	EndGlobalSection
EndGlobal
